// !$*UTF8*$!
{
	archiveVersion = 1;
	classes = {
	};
	objectVersion = 50;
	objects = {

/* Begin PBXBuildFile section */
		1C02C6762368CE27008312BC /* LocationManager.swift in Sources */ = {isa = PBXBuildFile; fileRef = 1C02C6752368CE27008312BC /* LocationManager.swift */; };
		1C151919221FFF9D00226042 /* AppDelegate.swift in Sources */ = {isa = PBXBuildFile; fileRef = 1C151918221FFF9D00226042 /* AppDelegate.swift */; };
		1C15191B221FFF9D00226042 /* GameVC.swift in Sources */ = {isa = PBXBuildFile; fileRef = 1C15191A221FFF9D00226042 /* GameVC.swift */; };
		1C15191E221FFF9D00226042 /* Main.storyboard in Resources */ = {isa = PBXBuildFile; fileRef = 1C15191C221FFF9D00226042 /* Main.storyboard */; };
		1C151920221FFF9F00226042 /* Assets.xcassets in Resources */ = {isa = PBXBuildFile; fileRef = 1C15191F221FFF9F00226042 /* Assets.xcassets */; };
		1C151923221FFF9F00226042 /* LaunchScreen.storyboard in Resources */ = {isa = PBXBuildFile; fileRef = 1C151921221FFF9F00226042 /* LaunchScreen.storyboard */; };
		1C15192B2220002D00226042 /* Common.swift in Sources */ = {isa = PBXBuildFile; fileRef = 1C15192A2220002D00226042 /* Common.swift */; };
		1C15192D222004F600226042 /* CaptureManager.swift in Sources */ = {isa = PBXBuildFile; fileRef = 1C15192C222004F600226042 /* CaptureManager.swift */; };
		1C15D99B22257EBE0037F8D6 /* ColorManager.swift in Sources */ = {isa = PBXBuildFile; fileRef = 1C15D99A22257EBE0037F8D6 /* ColorManager.swift */; };
		1C15D99E22258FE60037F8D6 /* ColorTimer.swift in Sources */ = {isa = PBXBuildFile; fileRef = 1C15D99D22258FE60037F8D6 /* ColorTimer.swift */; };
		1C15D9A02225955E0037F8D6 /* AlertProvider.swift in Sources */ = {isa = PBXBuildFile; fileRef = 1C15D99F2225955E0037F8D6 /* AlertProvider.swift */; };
		1C15D9A222269D530037F8D6 /* GameVC.xib in Resources */ = {isa = PBXBuildFile; fileRef = 1C15D9A122269D530037F8D6 /* GameVC.xib */; };
		1C3DC4322303F30400E3AF39 /* EyeProximityTestVC.swift in Sources */ = {isa = PBXBuildFile; fileRef = 1C3DC4312303F30400E3AF39 /* EyeProximityTestVC.swift */; };
		1C3DC4342303F31300E3AF39 /* EyeProximityTestVC.xib in Resources */ = {isa = PBXBuildFile; fileRef = 1C3DC4332303F31300E3AF39 /* EyeProximityTestVC.xib */; };
		1C4B92CB227B338B004773D4 /* Brandon_bld.otf in Resources */ = {isa = PBXBuildFile; fileRef = 1C4B92CA227B32E3004773D4 /* Brandon_bld.otf */; };
		1C4B92CC227B338E004773D4 /* Brandon_blk.otf in Resources */ = {isa = PBXBuildFile; fileRef = 1C4B92C6227B32E3004773D4 /* Brandon_blk.otf */; };
		1C4B92CD227B338E004773D4 /* Brandon_med.otf in Resources */ = {isa = PBXBuildFile; fileRef = 1C4B92C9227B32E3004773D4 /* Brandon_med.otf */; };
		1C4B92CE227B338E004773D4 /* Brandon_reg_it.otf in Resources */ = {isa = PBXBuildFile; fileRef = 1C4B92C7227B32E3004773D4 /* Brandon_reg_it.otf */; };
		1C4B92CF227B338E004773D4 /* Brandon_reg.otf in Resources */ = {isa = PBXBuildFile; fileRef = 1C4B92C8227B32E3004773D4 /* Brandon_reg.otf */; };
		1C5E7C322328151C001542E4 /* BouncyButton.swift in Sources */ = {isa = PBXBuildFile; fileRef = 1C5E7C312328151C001542E4 /* BouncyButton.swift */; };
		1C5E7C34232A163F001542E4 /* API.json in Resources */ = {isa = PBXBuildFile; fileRef = 1C5E7C33232A163F001542E4 /* API.json */; };
		1C67DA332237A454004FC715 /* RoundProgress.swift in Sources */ = {isa = PBXBuildFile; fileRef = 1C67DA322237A454004FC715 /* RoundProgress.swift */; };
		1C8853BA23685F8D00FF9770 /* Extensions.swift in Sources */ = {isa = PBXBuildFile; fileRef = 1C8853B923685F8D00FF9770 /* Extensions.swift */; };
		1CA50F7C2278868B009D6424 /* HelpVC.swift in Sources */ = {isa = PBXBuildFile; fileRef = 1CA50F7A2278868B009D6424 /* HelpVC.swift */; };
		1CA50F7D2278868B009D6424 /* HelpVC.xib in Resources */ = {isa = PBXBuildFile; fileRef = 1CA50F7B2278868B009D6424 /* HelpVC.xib */; };
		1CA50F802278C3E5009D6424 /* MultiplayerVC.xib in Resources */ = {isa = PBXBuildFile; fileRef = 1CA50F7F2278C3E5009D6424 /* MultiplayerVC.xib */; };
		1CA72EF22278C9FE00BBA004 /* ColorController.swift in Sources */ = {isa = PBXBuildFile; fileRef = 1CA72EF12278C9FE00BBA004 /* ColorController.swift */; };
		1CA72EF422799A6000BBA004 /* BarView.xib in Resources */ = {isa = PBXBuildFile; fileRef = 1CA72EF322799A6000BBA004 /* BarView.xib */; };
		1CB484B42368499800BC4F55 /* ColorCatcherTests.swift in Sources */ = {isa = PBXBuildFile; fileRef = 1CB484B32368499800BC4F55 /* ColorCatcherTests.swift */; };
		1CB484BC23684A2900BC4F55 /* ColorRecognitionTests.swift in Sources */ = {isa = PBXBuildFile; fileRef = 1CB484BB23684A2900BC4F55 /* ColorRecognitionTests.swift */; };
		1CB484BE2368517B00BC4F55 /* DropLayer.swift in Sources */ = {isa = PBXBuildFile; fileRef = 1CB484BD2368517B00BC4F55 /* DropLayer.swift */; };
		1CBFB62F2230103600CB46C5 /* PopupVC.swift in Sources */ = {isa = PBXBuildFile; fileRef = 1CBFB62E2230103600CB46C5 /* PopupVC.swift */; };
		1CBFB6312230607300CB46C5 /* PopupVC.xib in Resources */ = {isa = PBXBuildFile; fileRef = 1CBFB6302230607300CB46C5 /* PopupVC.xib */; };
		1CBFB63322315D3E00CB46C5 /* ColorCalculator.swift in Sources */ = {isa = PBXBuildFile; fileRef = 1CBFB63222315D3E00CB46C5 /* ColorCalculator.swift */; };
		1CBFB637223193BF00CB46C5 /* FlashProvider.swift in Sources */ = {isa = PBXBuildFile; fileRef = 1CBFB636223193BF00CB46C5 /* FlashProvider.swift */; };
		1CC490442323EB2400759C72 /* Animator.swift in Sources */ = {isa = PBXBuildFile; fileRef = 1CC490432323EB2400759C72 /* Animator.swift */; };
		1CC49046232416DD00759C72 /* WelcomeAnimation.swift in Sources */ = {isa = PBXBuildFile; fileRef = 1CC49045232416DD00759C72 /* WelcomeAnimation.swift */; };
		1CCB09382223E5AF00F4C812 /* testVCViewController.swift in Sources */ = {isa = PBXBuildFile; fileRef = 1CCB09362223E5AF00F4C812 /* testVCViewController.swift */; };
		1CCB09392223E5AF00F4C812 /* testVCViewController.xib in Resources */ = {isa = PBXBuildFile; fileRef = 1CCB09372223E5AF00F4C812 /* testVCViewController.xib */; };
		1CCB093B22241AE200F4C812 /* WelcomeVC.swift in Sources */ = {isa = PBXBuildFile; fileRef = 1CCB093A22241AE200F4C812 /* WelcomeVC.swift */; };
		1CCB093D222428F900F4C812 /* MultiplayerVC.swift in Sources */ = {isa = PBXBuildFile; fileRef = 1CCB093C222428F900F4C812 /* MultiplayerVC.swift */; };
		1CCB093F22242BEF00F4C812 /* MultiplayerManager.swift in Sources */ = {isa = PBXBuildFile; fileRef = 1CCB093E22242BEF00F4C812 /* MultiplayerManager.swift */; };
		1CFE9EF222269FD700F62935 /* GameTimeVC.swift in Sources */ = {isa = PBXBuildFile; fileRef = 1CFE9EF122269FD700F62935 /* GameTimeVC.swift */; };
		1CFE9EF422269FF700F62935 /* GameDiscoveryVC.swift in Sources */ = {isa = PBXBuildFile; fileRef = 1CFE9EF322269FF700F62935 /* GameDiscoveryVC.swift */; };
		1CFE9EF62226A01400F62935 /* MultiGameVC.swift in Sources */ = {isa = PBXBuildFile; fileRef = 1CFE9EF52226A01400F62935 /* MultiGameVC.swift */; };
		1CFE9EF82226BAF200F62935 /* Service.swift in Sources */ = {isa = PBXBuildFile; fileRef = 1CFE9EF72226BAF200F62935 /* Service.swift */; };
		1CFE9EFA2226CADF00F62935 /* ColorModel.swift in Sources */ = {isa = PBXBuildFile; fileRef = 1CFE9EF92226CADF00F62935 /* ColorModel.swift */; };
		1CFE9EFC2226DC6900F62935 /* StoreProvider.swift in Sources */ = {isa = PBXBuildFile; fileRef = 1CFE9EFB2226DC6900F62935 /* StoreProvider.swift */; };
		1CFE9F3222293F3600F62935 /* ColorCollectionVC.swift in Sources */ = {isa = PBXBuildFile; fileRef = 1CFE9F3022293F3600F62935 /* ColorCollectionVC.swift */; };
		1CFE9F35222942E800F62935 /* ColorCollectionVC.xib in Resources */ = {isa = PBXBuildFile; fileRef = 1CFE9F34222942E800F62935 /* ColorCollectionVC.xib */; };
		1CFE9F382229461600F62935 /* ColorCollectionCell.swift in Sources */ = {isa = PBXBuildFile; fileRef = 1CFE9F362229461600F62935 /* ColorCollectionCell.swift */; };
		1CFE9F392229461600F62935 /* ColorCollectionCell.xib in Resources */ = {isa = PBXBuildFile; fileRef = 1CFE9F372229461600F62935 /* ColorCollectionCell.xib */; };
		1CFE9F3B22296CD600F62935 /* Mock.json in Resources */ = {isa = PBXBuildFile; fileRef = 1CFE9F3A22296CD600F62935 /* Mock.json */; };
/* End PBXBuildFile section */

/* Begin PBXContainerItemProxy section */
		1CB484B62368499800BC4F55 /* PBXContainerItemProxy */ = {
			isa = PBXContainerItemProxy;
			containerPortal = 1C15190D221FFF9D00226042 /* Project object */;
			proxyType = 1;
			remoteGlobalIDString = 1C151914221FFF9D00226042;
			remoteInfo = ColorCatcher;
		};
/* End PBXContainerItemProxy section */

/* Begin PBXFileReference section */
		1C02C6752368CE27008312BC /* LocationManager.swift */ = {isa = PBXFileReference; lastKnownFileType = sourcecode.swift; path = LocationManager.swift; sourceTree = "<group>"; };
		1C151915221FFF9D00226042 /* ColorCatcher.app */ = {isa = PBXFileReference; explicitFileType = wrapper.application; includeInIndex = 0; path = ColorCatcher.app; sourceTree = BUILT_PRODUCTS_DIR; };
		1C151918221FFF9D00226042 /* AppDelegate.swift */ = {isa = PBXFileReference; lastKnownFileType = sourcecode.swift; path = AppDelegate.swift; sourceTree = "<group>"; };
		1C15191A221FFF9D00226042 /* GameVC.swift */ = {isa = PBXFileReference; lastKnownFileType = sourcecode.swift; path = GameVC.swift; sourceTree = "<group>"; };
		1C15191D221FFF9D00226042 /* Base */ = {isa = PBXFileReference; lastKnownFileType = file.storyboard; name = Base; path = Base.lproj/Main.storyboard; sourceTree = "<group>"; };
		1C15191F221FFF9F00226042 /* Assets.xcassets */ = {isa = PBXFileReference; lastKnownFileType = folder.assetcatalog; path = Assets.xcassets; sourceTree = "<group>"; };
		1C151922221FFF9F00226042 /* Base */ = {isa = PBXFileReference; lastKnownFileType = file.storyboard; name = Base; path = Base.lproj/LaunchScreen.storyboard; sourceTree = "<group>"; };
		1C151924221FFF9F00226042 /* Info.plist */ = {isa = PBXFileReference; lastKnownFileType = text.plist.xml; path = Info.plist; sourceTree = "<group>"; };
		1C15192A2220002D00226042 /* Common.swift */ = {isa = PBXFileReference; lastKnownFileType = sourcecode.swift; path = Common.swift; sourceTree = "<group>"; };
		1C15192C222004F600226042 /* CaptureManager.swift */ = {isa = PBXFileReference; lastKnownFileType = sourcecode.swift; path = CaptureManager.swift; sourceTree = "<group>"; };
		1C15D99A22257EBE0037F8D6 /* ColorManager.swift */ = {isa = PBXFileReference; lastKnownFileType = sourcecode.swift; path = ColorManager.swift; sourceTree = "<group>"; };
		1C15D99D22258FE60037F8D6 /* ColorTimer.swift */ = {isa = PBXFileReference; lastKnownFileType = sourcecode.swift; path = ColorTimer.swift; sourceTree = "<group>"; };
		1C15D99F2225955E0037F8D6 /* AlertProvider.swift */ = {isa = PBXFileReference; lastKnownFileType = sourcecode.swift; path = AlertProvider.swift; sourceTree = "<group>"; };
		1C15D9A122269D530037F8D6 /* GameVC.xib */ = {isa = PBXFileReference; lastKnownFileType = file.xib; path = GameVC.xib; sourceTree = "<group>"; };
		1C3DC4312303F30400E3AF39 /* EyeProximityTestVC.swift */ = {isa = PBXFileReference; lastKnownFileType = sourcecode.swift; path = EyeProximityTestVC.swift; sourceTree = "<group>"; };
		1C3DC4332303F31300E3AF39 /* EyeProximityTestVC.xib */ = {isa = PBXFileReference; lastKnownFileType = file.xib; path = EyeProximityTestVC.xib; sourceTree = "<group>"; };
		1C4B92C6227B32E3004773D4 /* Brandon_blk.otf */ = {isa = PBXFileReference; lastKnownFileType = file; path = Brandon_blk.otf; sourceTree = "<group>"; };
		1C4B92C7227B32E3004773D4 /* Brandon_reg_it.otf */ = {isa = PBXFileReference; lastKnownFileType = file; path = Brandon_reg_it.otf; sourceTree = "<group>"; };
		1C4B92C8227B32E3004773D4 /* Brandon_reg.otf */ = {isa = PBXFileReference; lastKnownFileType = file; path = Brandon_reg.otf; sourceTree = "<group>"; };
		1C4B92C9227B32E3004773D4 /* Brandon_med.otf */ = {isa = PBXFileReference; lastKnownFileType = file; path = Brandon_med.otf; sourceTree = "<group>"; };
		1C4B92CA227B32E3004773D4 /* Brandon_bld.otf */ = {isa = PBXFileReference; lastKnownFileType = file; path = Brandon_bld.otf; sourceTree = "<group>"; };
		1C5E7C312328151C001542E4 /* BouncyButton.swift */ = {isa = PBXFileReference; lastKnownFileType = sourcecode.swift; path = BouncyButton.swift; sourceTree = "<group>"; };
		1C5E7C33232A163F001542E4 /* API.json */ = {isa = PBXFileReference; lastKnownFileType = text.json; path = API.json; sourceTree = "<group>"; };
		1C67DA322237A454004FC715 /* RoundProgress.swift */ = {isa = PBXFileReference; lastKnownFileType = sourcecode.swift; path = RoundProgress.swift; sourceTree = "<group>"; };
		1C8853B923685F8D00FF9770 /* Extensions.swift */ = {isa = PBXFileReference; lastKnownFileType = sourcecode.swift; path = Extensions.swift; sourceTree = "<group>"; };
		1CA50F7A2278868B009D6424 /* HelpVC.swift */ = {isa = PBXFileReference; lastKnownFileType = sourcecode.swift; path = HelpVC.swift; sourceTree = "<group>"; };
		1CA50F7B2278868B009D6424 /* HelpVC.xib */ = {isa = PBXFileReference; lastKnownFileType = file.xib; path = HelpVC.xib; sourceTree = "<group>"; };
		1CA50F7F2278C3E5009D6424 /* MultiplayerVC.xib */ = {isa = PBXFileReference; lastKnownFileType = file.xib; path = MultiplayerVC.xib; sourceTree = "<group>"; };
		1CA72EF12278C9FE00BBA004 /* ColorController.swift */ = {isa = PBXFileReference; lastKnownFileType = sourcecode.swift; path = ColorController.swift; sourceTree = "<group>"; };
		1CA72EF322799A6000BBA004 /* BarView.xib */ = {isa = PBXFileReference; lastKnownFileType = file.xib; path = BarView.xib; sourceTree = "<group>"; };
		1CB484B12368499800BC4F55 /* ColorCatcherTests.xctest */ = {isa = PBXFileReference; explicitFileType = wrapper.cfbundle; includeInIndex = 0; path = ColorCatcherTests.xctest; sourceTree = BUILT_PRODUCTS_DIR; };
		1CB484B32368499800BC4F55 /* ColorCatcherTests.swift */ = {isa = PBXFileReference; lastKnownFileType = sourcecode.swift; path = ColorCatcherTests.swift; sourceTree = "<group>"; };
		1CB484B52368499800BC4F55 /* Info.plist */ = {isa = PBXFileReference; lastKnownFileType = text.plist.xml; path = Info.plist; sourceTree = "<group>"; };
		1CB484BB23684A2900BC4F55 /* ColorRecognitionTests.swift */ = {isa = PBXFileReference; lastKnownFileType = sourcecode.swift; path = ColorRecognitionTests.swift; sourceTree = "<group>"; };
		1CB484BD2368517B00BC4F55 /* DropLayer.swift */ = {isa = PBXFileReference; lastKnownFileType = sourcecode.swift; path = DropLayer.swift; sourceTree = "<group>"; };
		1CBFB62E2230103600CB46C5 /* PopupVC.swift */ = {isa = PBXFileReference; lastKnownFileType = sourcecode.swift; path = PopupVC.swift; sourceTree = "<group>"; };
		1CBFB6302230607300CB46C5 /* PopupVC.xib */ = {isa = PBXFileReference; lastKnownFileType = file.xib; path = PopupVC.xib; sourceTree = "<group>"; };
		1CBFB63222315D3E00CB46C5 /* ColorCalculator.swift */ = {isa = PBXFileReference; lastKnownFileType = sourcecode.swift; path = ColorCalculator.swift; sourceTree = "<group>"; };
		1CBFB636223193BF00CB46C5 /* FlashProvider.swift */ = {isa = PBXFileReference; lastKnownFileType = sourcecode.swift; path = FlashProvider.swift; sourceTree = "<group>"; };
		1CC490432323EB2400759C72 /* Animator.swift */ = {isa = PBXFileReference; lastKnownFileType = sourcecode.swift; path = Animator.swift; sourceTree = "<group>"; };
		1CC49045232416DD00759C72 /* WelcomeAnimation.swift */ = {isa = PBXFileReference; lastKnownFileType = sourcecode.swift; path = WelcomeAnimation.swift; sourceTree = "<group>"; };
		1CCB09362223E5AF00F4C812 /* testVCViewController.swift */ = {isa = PBXFileReference; lastKnownFileType = sourcecode.swift; path = testVCViewController.swift; sourceTree = "<group>"; };
		1CCB09372223E5AF00F4C812 /* testVCViewController.xib */ = {isa = PBXFileReference; lastKnownFileType = file.xib; path = testVCViewController.xib; sourceTree = "<group>"; };
		1CCB093A22241AE200F4C812 /* WelcomeVC.swift */ = {isa = PBXFileReference; lastKnownFileType = sourcecode.swift; path = WelcomeVC.swift; sourceTree = "<group>"; };
		1CCB093C222428F900F4C812 /* MultiplayerVC.swift */ = {isa = PBXFileReference; lastKnownFileType = sourcecode.swift; path = MultiplayerVC.swift; sourceTree = "<group>"; };
		1CCB093E22242BEF00F4C812 /* MultiplayerManager.swift */ = {isa = PBXFileReference; lastKnownFileType = sourcecode.swift; path = MultiplayerManager.swift; sourceTree = "<group>"; };
		1CFE9EF122269FD700F62935 /* GameTimeVC.swift */ = {isa = PBXFileReference; lastKnownFileType = sourcecode.swift; path = GameTimeVC.swift; sourceTree = "<group>"; };
		1CFE9EF322269FF700F62935 /* GameDiscoveryVC.swift */ = {isa = PBXFileReference; lastKnownFileType = sourcecode.swift; path = GameDiscoveryVC.swift; sourceTree = "<group>"; };
		1CFE9EF52226A01400F62935 /* MultiGameVC.swift */ = {isa = PBXFileReference; lastKnownFileType = sourcecode.swift; path = MultiGameVC.swift; sourceTree = "<group>"; };
		1CFE9EF72226BAF200F62935 /* Service.swift */ = {isa = PBXFileReference; lastKnownFileType = sourcecode.swift; path = Service.swift; sourceTree = "<group>"; };
		1CFE9EF92226CADF00F62935 /* ColorModel.swift */ = {isa = PBXFileReference; lastKnownFileType = sourcecode.swift; path = ColorModel.swift; sourceTree = "<group>"; };
		1CFE9EFB2226DC6900F62935 /* StoreProvider.swift */ = {isa = PBXFileReference; lastKnownFileType = sourcecode.swift; path = StoreProvider.swift; sourceTree = "<group>"; };
		1CFE9F3022293F3600F62935 /* ColorCollectionVC.swift */ = {isa = PBXFileReference; lastKnownFileType = sourcecode.swift; path = ColorCollectionVC.swift; sourceTree = "<group>"; };
		1CFE9F34222942E800F62935 /* ColorCollectionVC.xib */ = {isa = PBXFileReference; lastKnownFileType = file.xib; path = ColorCollectionVC.xib; sourceTree = "<group>"; };
		1CFE9F362229461600F62935 /* ColorCollectionCell.swift */ = {isa = PBXFileReference; lastKnownFileType = sourcecode.swift; path = ColorCollectionCell.swift; sourceTree = "<group>"; };
		1CFE9F372229461600F62935 /* ColorCollectionCell.xib */ = {isa = PBXFileReference; lastKnownFileType = file.xib; path = ColorCollectionCell.xib; sourceTree = "<group>"; };
		1CFE9F3A22296CD600F62935 /* Mock.json */ = {isa = PBXFileReference; lastKnownFileType = text.json; path = Mock.json; sourceTree = "<group>"; };
/* End PBXFileReference section */

/* Begin PBXFrameworksBuildPhase section */
		1C151912221FFF9D00226042 /* Frameworks */ = {
			isa = PBXFrameworksBuildPhase;
			buildActionMask = 2147483647;
			files = (
			);
			runOnlyForDeploymentPostprocessing = 0;
		};
		1CB484AE2368499800BC4F55 /* Frameworks */ = {
			isa = PBXFrameworksBuildPhase;
			buildActionMask = 2147483647;
			files = (
			);
			runOnlyForDeploymentPostprocessing = 0;
		};
/* End PBXFrameworksBuildPhase section */

/* Begin PBXGroup section */
		1C0E04EA227B2C24003DA1FB /* Resources */ = {
			isa = PBXGroup;
			children = (
				1C5E7C33232A163F001542E4 /* API.json */,
				1C0E04F0227B2C39003DA1FB /* Font */,
			);
			path = Resources;
			sourceTree = "<group>";
		};
		1C0E04F0227B2C39003DA1FB /* Font */ = {
			isa = PBXGroup;
			children = (
				1C4B92CA227B32E3004773D4 /* Brandon_bld.otf */,
				1C4B92C6227B32E3004773D4 /* Brandon_blk.otf */,
				1C4B92C9227B32E3004773D4 /* Brandon_med.otf */,
				1C4B92C7227B32E3004773D4 /* Brandon_reg_it.otf */,
				1C4B92C8227B32E3004773D4 /* Brandon_reg.otf */,
			);
			path = Font;
			sourceTree = "<group>";
		};
		1C15190C221FFF9D00226042 = {
			isa = PBXGroup;
			children = (
				1C151917221FFF9D00226042 /* ColorCatcher */,
				1C0E04EA227B2C24003DA1FB /* Resources */,
				1CB484B22368499800BC4F55 /* ColorCatcherTests */,
				1C151916221FFF9D00226042 /* Products */,
			);
			sourceTree = "<group>";
		};
		1C151916221FFF9D00226042 /* Products */ = {
			isa = PBXGroup;
			children = (
				1C151915221FFF9D00226042 /* ColorCatcher.app */,
				1CB484B12368499800BC4F55 /* ColorCatcherTests.xctest */,
			);
			name = Products;
			sourceTree = "<group>";
		};
		1C151917221FFF9D00226042 /* ColorCatcher */ = {
			isa = PBXGroup;
			children = (
				1C151918221FFF9D00226042 /* AppDelegate.swift */,
				1C15D99C22258EDB0037F8D6 /* TestingColors */,
				1C15192A2220002D00226042 /* Common.swift */,
				1CFE9EFB2226DC6900F62935 /* StoreProvider.swift */,
				1CBFB636223193BF00CB46C5 /* FlashProvider.swift */,
				1C15D99F2225955E0037F8D6 /* AlertProvider.swift */,
				1C15192C222004F600226042 /* CaptureManager.swift */,
				1CFE9EF72226BAF200F62935 /* Service.swift */,
				1CCB093E22242BEF00F4C812 /* MultiplayerManager.swift */,
				1CFE9EF92226CADF00F62935 /* ColorModel.swift */,
				1C15D99A22257EBE0037F8D6 /* ColorManager.swift */,
				1C02C6752368CE27008312BC /* LocationManager.swift */,
				1CBFB63222315D3E00CB46C5 /* ColorCalculator.swift */,
				1C15D99D22258FE60037F8D6 /* ColorTimer.swift */,
				1CC490432323EB2400759C72 /* Animator.swift */,
				1C8853B923685F8D00FF9770 /* Extensions.swift */,
				1CFE9F3A22296CD600F62935 /* Mock.json */,
				1CFE9F2F2229347D00F62935 /* Views */,
				1C15191C221FFF9D00226042 /* Main.storyboard */,
				1C15191F221FFF9F00226042 /* Assets.xcassets */,
				1C151921221FFF9F00226042 /* LaunchScreen.storyboard */,
				1C151924221FFF9F00226042 /* Info.plist */,
			);
			path = ColorCatcher;
			sourceTree = "<group>";
		};
		1C15D99C22258EDB0037F8D6 /* TestingColors */ = {
			isa = PBXGroup;
			children = (
				1C3DC4312303F30400E3AF39 /* EyeProximityTestVC.swift */,
				1C3DC4332303F31300E3AF39 /* EyeProximityTestVC.xib */,
				1CCB09362223E5AF00F4C812 /* testVCViewController.swift */,
				1CCB09372223E5AF00F4C812 /* testVCViewController.xib */,
			);
			path = TestingColors;
			sourceTree = "<group>";
		};
		1CA50F7E22788694009D6424 /* HelpVC */ = {
			isa = PBXGroup;
			children = (
				1CA50F7A2278868B009D6424 /* HelpVC.swift */,
				1CA50F7B2278868B009D6424 /* HelpVC.xib */,
			);
			path = HelpVC;
			sourceTree = "<group>";
		};
		1CB484B22368499800BC4F55 /* ColorCatcherTests */ = {
			isa = PBXGroup;
			children = (
				1CB484B32368499800BC4F55 /* ColorCatcherTests.swift */,
				1CB484BB23684A2900BC4F55 /* ColorRecognitionTests.swift */,
				1CB484B52368499800BC4F55 /* Info.plist */,
			);
			path = ColorCatcherTests;
			sourceTree = "<group>";
		};
		1CBFB6342231602600CB46C5 /* GameVC */ = {
			isa = PBXGroup;
			children = (
				1C15191A221FFF9D00226042 /* GameVC.swift */,
				1C15D9A122269D530037F8D6 /* GameVC.xib */,
				1CFE9EF122269FD700F62935 /* GameTimeVC.swift */,
				1CFE9EF322269FF700F62935 /* GameDiscoveryVC.swift */,
				1CFE9EF52226A01400F62935 /* MultiGameVC.swift */,
			);
			path = GameVC;
			sourceTree = "<group>";
		};
		1CBFB6352231603300CB46C5 /* Collection */ = {
			isa = PBXGroup;
			children = (
				1CFE9F3022293F3600F62935 /* ColorCollectionVC.swift */,
				1CFE9F34222942E800F62935 /* ColorCollectionVC.xib */,
				1CFE9F362229461600F62935 /* ColorCollectionCell.swift */,
				1CFE9F372229461600F62935 /* ColorCollectionCell.xib */,
			);
			path = Collection;
			sourceTree = "<group>";
		};
		1CFE9F2F2229347D00F62935 /* Views */ = {
			isa = PBXGroup;
			children = (
				1C67DA322237A454004FC715 /* RoundProgress.swift */,
				1C5E7C312328151C001542E4 /* BouncyButton.swift */,
				1CB484BD2368517B00BC4F55 /* DropLayer.swift */,
				1CBFB62E2230103600CB46C5 /* PopupVC.swift */,
				1CBFB6302230607300CB46C5 /* PopupVC.xib */,
				1CA72EF12278C9FE00BBA004 /* ColorController.swift */,
				1CC49045232416DD00759C72 /* WelcomeAnimation.swift */,
				1CA72EF322799A6000BBA004 /* BarView.xib */,
				1CA50F7E22788694009D6424 /* HelpVC */,
				1CBFB6352231603300CB46C5 /* Collection */,
				1CBFB6342231602600CB46C5 /* GameVC */,
				1CCB093A22241AE200F4C812 /* WelcomeVC.swift */,
				1CA50F7F2278C3E5009D6424 /* MultiplayerVC.xib */,
				1CCB093C222428F900F4C812 /* MultiplayerVC.swift */,
			);
			path = Views;
			sourceTree = "<group>";
		};
/* End PBXGroup section */

/* Begin PBXNativeTarget section */
		1C151914221FFF9D00226042 /* ColorCatcher */ = {
			isa = PBXNativeTarget;
			buildConfigurationList = 1C151927221FFF9F00226042 /* Build configuration list for PBXNativeTarget "ColorCatcher" */;
			buildPhases = (
				1C151911221FFF9D00226042 /* Sources */,
				1C151912221FFF9D00226042 /* Frameworks */,
				1C151913221FFF9D00226042 /* Resources */,
			);
			buildRules = (
			);
			dependencies = (
			);
			name = ColorCatcher;
			productName = ColorCatcher;
			productReference = 1C151915221FFF9D00226042 /* ColorCatcher.app */;
			productType = "com.apple.product-type.application";
		};
		1CB484B02368499800BC4F55 /* ColorCatcherTests */ = {
			isa = PBXNativeTarget;
			buildConfigurationList = 1CB484BA2368499800BC4F55 /* Build configuration list for PBXNativeTarget "ColorCatcherTests" */;
			buildPhases = (
				1CB484AD2368499800BC4F55 /* Sources */,
				1CB484AE2368499800BC4F55 /* Frameworks */,
				1CB484AF2368499800BC4F55 /* Resources */,
			);
			buildRules = (
			);
			dependencies = (
				1CB484B72368499800BC4F55 /* PBXTargetDependency */,
			);
			name = ColorCatcherTests;
			productName = ColorCatcherTests;
			productReference = 1CB484B12368499800BC4F55 /* ColorCatcherTests.xctest */;
			productType = "com.apple.product-type.bundle.unit-test";
		};
/* End PBXNativeTarget section */

/* Begin PBXProject section */
		1C15190D221FFF9D00226042 /* Project object */ = {
			isa = PBXProject;
			attributes = {
				LastSwiftUpdateCheck = 1030;
				LastUpgradeCheck = 1010;
				ORGANIZATIONNAME = "Enrico Castelli";
				TargetAttributes = {
					1C151914221FFF9D00226042 = {
						CreatedOnToolsVersion = 10.1;
						SystemCapabilities = {
							com.apple.BackgroundModes = {
								enabled = 1;
							};
						};
					};
					1CB484B02368499800BC4F55 = {
						CreatedOnToolsVersion = 10.3;
						TestTargetID = 1C151914221FFF9D00226042;
					};
				};
			};
			buildConfigurationList = 1C151910221FFF9D00226042 /* Build configuration list for PBXProject "ColorCatcher" */;
			compatibilityVersion = "Xcode 9.3";
			developmentRegion = en;
			hasScannedForEncodings = 0;
			knownRegions = (
				en,
				Base,
			);
			mainGroup = 1C15190C221FFF9D00226042;
			productRefGroup = 1C151916221FFF9D00226042 /* Products */;
			projectDirPath = "";
			projectRoot = "";
			targets = (
				1C151914221FFF9D00226042 /* ColorCatcher */,
				1CB484B02368499800BC4F55 /* ColorCatcherTests */,
			);
		};
/* End PBXProject section */

/* Begin PBXResourcesBuildPhase section */
		1C151913221FFF9D00226042 /* Resources */ = {
			isa = PBXResourcesBuildPhase;
			buildActionMask = 2147483647;
			files = (
				1CBFB6312230607300CB46C5 /* PopupVC.xib in Resources */,
				1CFE9F35222942E800F62935 /* ColorCollectionVC.xib in Resources */,
				1C3DC4342303F31300E3AF39 /* EyeProximityTestVC.xib in Resources */,
				1C4B92CC227B338E004773D4 /* Brandon_blk.otf in Resources */,
				1C4B92CF227B338E004773D4 /* Brandon_reg.otf in Resources */,
				1CFE9F392229461600F62935 /* ColorCollectionCell.xib in Resources */,
				1C151923221FFF9F00226042 /* LaunchScreen.storyboard in Resources */,
				1CA72EF422799A6000BBA004 /* BarView.xib in Resources */,
				1C4B92CE227B338E004773D4 /* Brandon_reg_it.otf in Resources */,
				1CCB09392223E5AF00F4C812 /* testVCViewController.xib in Resources */,
				1C5E7C34232A163F001542E4 /* API.json in Resources */,
				1CA50F7D2278868B009D6424 /* HelpVC.xib in Resources */,
				1C4B92CB227B338B004773D4 /* Brandon_bld.otf in Resources */,
				1C151920221FFF9F00226042 /* Assets.xcassets in Resources */,
				1CA50F802278C3E5009D6424 /* MultiplayerVC.xib in Resources */,
				1C4B92CD227B338E004773D4 /* Brandon_med.otf in Resources */,
				1C15191E221FFF9D00226042 /* Main.storyboard in Resources */,
				1CFE9F3B22296CD600F62935 /* Mock.json in Resources */,
				1C15D9A222269D530037F8D6 /* GameVC.xib in Resources */,
			);
			runOnlyForDeploymentPostprocessing = 0;
		};
		1CB484AF2368499800BC4F55 /* Resources */ = {
			isa = PBXResourcesBuildPhase;
			buildActionMask = 2147483647;
			files = (
			);
			runOnlyForDeploymentPostprocessing = 0;
		};
/* End PBXResourcesBuildPhase section */

/* Begin PBXSourcesBuildPhase section */
		1C151911221FFF9D00226042 /* Sources */ = {
			isa = PBXSourcesBuildPhase;
			buildActionMask = 2147483647;
			files = (
				1C3DC4322303F30400E3AF39 /* EyeProximityTestVC.swift in Sources */,
				1CBFB62F2230103600CB46C5 /* PopupVC.swift in Sources */,
				1C15191B221FFF9D00226042 /* GameVC.swift in Sources */,
				1CCB09382223E5AF00F4C812 /* testVCViewController.swift in Sources */,
				1C02C6762368CE27008312BC /* LocationManager.swift in Sources */,
				1CBFB63322315D3E00CB46C5 /* ColorCalculator.swift in Sources */,
				1CFE9EFC2226DC6900F62935 /* StoreProvider.swift in Sources */,
				1CFE9EF82226BAF200F62935 /* Service.swift in Sources */,
				1CA50F7C2278868B009D6424 /* HelpVC.swift in Sources */,
				1CFE9EF62226A01400F62935 /* MultiGameVC.swift in Sources */,
				1CC49046232416DD00759C72 /* WelcomeAnimation.swift in Sources */,
				1C15D99E22258FE60037F8D6 /* ColorTimer.swift in Sources */,
				1CFE9F3222293F3600F62935 /* ColorCollectionVC.swift in Sources */,
				1C5E7C322328151C001542E4 /* BouncyButton.swift in Sources */,
				1C15192D222004F600226042 /* CaptureManager.swift in Sources */,
				1CCB093B22241AE200F4C812 /* WelcomeVC.swift in Sources */,
				1CFE9EF222269FD700F62935 /* GameTimeVC.swift in Sources */,
				1CBFB637223193BF00CB46C5 /* FlashProvider.swift in Sources */,
				1CC490442323EB2400759C72 /* Animator.swift in Sources */,
				1C15192B2220002D00226042 /* Common.swift in Sources */,
				1C8853BA23685F8D00FF9770 /* Extensions.swift in Sources */,
				1CA72EF22278C9FE00BBA004 /* ColorController.swift in Sources */,
				1C67DA332237A454004FC715 /* RoundProgress.swift in Sources */,
				1C151919221FFF9D00226042 /* AppDelegate.swift in Sources */,
				1CB484BE2368517B00BC4F55 /* DropLayer.swift in Sources */,
				1C15D99B22257EBE0037F8D6 /* ColorManager.swift in Sources */,
				1CFE9EFA2226CADF00F62935 /* ColorModel.swift in Sources */,
				1CFE9F382229461600F62935 /* ColorCollectionCell.swift in Sources */,
				1CFE9EF422269FF700F62935 /* GameDiscoveryVC.swift in Sources */,
				1CCB093F22242BEF00F4C812 /* MultiplayerManager.swift in Sources */,
				1CCB093D222428F900F4C812 /* MultiplayerVC.swift in Sources */,
				1C15D9A02225955E0037F8D6 /* AlertProvider.swift in Sources */,
			);
			runOnlyForDeploymentPostprocessing = 0;
		};
		1CB484AD2368499800BC4F55 /* Sources */ = {
			isa = PBXSourcesBuildPhase;
			buildActionMask = 2147483647;
			files = (
				1CB484B42368499800BC4F55 /* ColorCatcherTests.swift in Sources */,
				1CB484BC23684A2900BC4F55 /* ColorRecognitionTests.swift in Sources */,
			);
			runOnlyForDeploymentPostprocessing = 0;
		};
/* End PBXSourcesBuildPhase section */

/* Begin PBXTargetDependency section */
		1CB484B72368499800BC4F55 /* PBXTargetDependency */ = {
			isa = PBXTargetDependency;
			target = 1C151914221FFF9D00226042 /* ColorCatcher */;
			targetProxy = 1CB484B62368499800BC4F55 /* PBXContainerItemProxy */;
		};
/* End PBXTargetDependency section */

/* Begin PBXVariantGroup section */
		1C15191C221FFF9D00226042 /* Main.storyboard */ = {
			isa = PBXVariantGroup;
			children = (
				1C15191D221FFF9D00226042 /* Base */,
			);
			name = Main.storyboard;
			sourceTree = "<group>";
		};
		1C151921221FFF9F00226042 /* LaunchScreen.storyboard */ = {
			isa = PBXVariantGroup;
			children = (
				1C151922221FFF9F00226042 /* Base */,
			);
			name = LaunchScreen.storyboard;
			sourceTree = "<group>";
		};
/* End PBXVariantGroup section */

/* Begin XCBuildConfiguration section */
		1C151925221FFF9F00226042 /* Debug */ = {
			isa = XCBuildConfiguration;
			buildSettings = {
				ALWAYS_SEARCH_USER_PATHS = NO;
				CLANG_ANALYZER_NONNULL = YES;
				CLANG_ANALYZER_NUMBER_OBJECT_CONVERSION = YES_AGGRESSIVE;
				CLANG_CXX_LANGUAGE_STANDARD = "gnu++14";
				CLANG_CXX_LIBRARY = "libc++";
				CLANG_ENABLE_MODULES = YES;
				CLANG_ENABLE_OBJC_ARC = YES;
				CLANG_ENABLE_OBJC_WEAK = YES;
				CLANG_WARN_BLOCK_CAPTURE_AUTORELEASING = YES;
				CLANG_WARN_BOOL_CONVERSION = YES;
				CLANG_WARN_COMMA = YES;
				CLANG_WARN_CONSTANT_CONVERSION = YES;
				CLANG_WARN_DEPRECATED_OBJC_IMPLEMENTATIONS = YES;
				CLANG_WARN_DIRECT_OBJC_ISA_USAGE = YES_ERROR;
				CLANG_WARN_DOCUMENTATION_COMMENTS = YES;
				CLANG_WARN_EMPTY_BODY = YES;
				CLANG_WARN_ENUM_CONVERSION = YES;
				CLANG_WARN_INFINITE_RECURSION = YES;
				CLANG_WARN_INT_CONVERSION = YES;
				CLANG_WARN_NON_LITERAL_NULL_CONVERSION = YES;
				CLANG_WARN_OBJC_IMPLICIT_RETAIN_SELF = YES;
				CLANG_WARN_OBJC_LITERAL_CONVERSION = YES;
				CLANG_WARN_OBJC_ROOT_CLASS = YES_ERROR;
				CLANG_WARN_RANGE_LOOP_ANALYSIS = YES;
				CLANG_WARN_STRICT_PROTOTYPES = YES;
				CLANG_WARN_SUSPICIOUS_MOVE = YES;
				CLANG_WARN_UNGUARDED_AVAILABILITY = YES_AGGRESSIVE;
				CLANG_WARN_UNREACHABLE_CODE = YES;
				CLANG_WARN__DUPLICATE_METHOD_MATCH = YES;
				CODE_SIGN_IDENTITY = "iPhone Developer";
				COPY_PHASE_STRIP = NO;
				DEBUG_INFORMATION_FORMAT = dwarf;
				ENABLE_STRICT_OBJC_MSGSEND = YES;
				ENABLE_TESTABILITY = YES;
				GCC_C_LANGUAGE_STANDARD = gnu11;
				GCC_DYNAMIC_NO_PIC = NO;
				GCC_NO_COMMON_BLOCKS = YES;
				GCC_OPTIMIZATION_LEVEL = 0;
				GCC_PREPROCESSOR_DEFINITIONS = (
					"DEBUG=1",
					"$(inherited)",
				);
				GCC_WARN_64_TO_32_BIT_CONVERSION = YES;
				GCC_WARN_ABOUT_RETURN_TYPE = YES_ERROR;
				GCC_WARN_UNDECLARED_SELECTOR = YES;
				GCC_WARN_UNINITIALIZED_AUTOS = YES_AGGRESSIVE;
				GCC_WARN_UNUSED_FUNCTION = YES;
				GCC_WARN_UNUSED_VARIABLE = YES;
				IPHONEOS_DEPLOYMENT_TARGET = 12.2;
				MTL_ENABLE_DEBUG_INFO = INCLUDE_SOURCE;
				MTL_FAST_MATH = YES;
				ONLY_ACTIVE_ARCH = YES;
				SDKROOT = iphoneos;
				SWIFT_ACTIVE_COMPILATION_CONDITIONS = DEBUG;
				SWIFT_OPTIMIZATION_LEVEL = "-Onone";
			};
			name = Debug;
		};
		1C151926221FFF9F00226042 /* Release */ = {
			isa = XCBuildConfiguration;
			buildSettings = {
				ALWAYS_SEARCH_USER_PATHS = NO;
				CLANG_ANALYZER_NONNULL = YES;
				CLANG_ANALYZER_NUMBER_OBJECT_CONVERSION = YES_AGGRESSIVE;
				CLANG_CXX_LANGUAGE_STANDARD = "gnu++14";
				CLANG_CXX_LIBRARY = "libc++";
				CLANG_ENABLE_MODULES = YES;
				CLANG_ENABLE_OBJC_ARC = YES;
				CLANG_ENABLE_OBJC_WEAK = YES;
				CLANG_WARN_BLOCK_CAPTURE_AUTORELEASING = YES;
				CLANG_WARN_BOOL_CONVERSION = YES;
				CLANG_WARN_COMMA = YES;
				CLANG_WARN_CONSTANT_CONVERSION = YES;
				CLANG_WARN_DEPRECATED_OBJC_IMPLEMENTATIONS = YES;
				CLANG_WARN_DIRECT_OBJC_ISA_USAGE = YES_ERROR;
				CLANG_WARN_DOCUMENTATION_COMMENTS = YES;
				CLANG_WARN_EMPTY_BODY = YES;
				CLANG_WARN_ENUM_CONVERSION = YES;
				CLANG_WARN_INFINITE_RECURSION = YES;
				CLANG_WARN_INT_CONVERSION = YES;
				CLANG_WARN_NON_LITERAL_NULL_CONVERSION = YES;
				CLANG_WARN_OBJC_IMPLICIT_RETAIN_SELF = YES;
				CLANG_WARN_OBJC_LITERAL_CONVERSION = YES;
				CLANG_WARN_OBJC_ROOT_CLASS = YES_ERROR;
				CLANG_WARN_RANGE_LOOP_ANALYSIS = YES;
				CLANG_WARN_STRICT_PROTOTYPES = YES;
				CLANG_WARN_SUSPICIOUS_MOVE = YES;
				CLANG_WARN_UNGUARDED_AVAILABILITY = YES_AGGRESSIVE;
				CLANG_WARN_UNREACHABLE_CODE = YES;
				CLANG_WARN__DUPLICATE_METHOD_MATCH = YES;
				CODE_SIGN_IDENTITY = "iPhone Developer";
				COPY_PHASE_STRIP = NO;
				DEBUG_INFORMATION_FORMAT = "dwarf-with-dsym";
				ENABLE_NS_ASSERTIONS = NO;
				ENABLE_STRICT_OBJC_MSGSEND = YES;
				GCC_C_LANGUAGE_STANDARD = gnu11;
				GCC_NO_COMMON_BLOCKS = YES;
				GCC_WARN_64_TO_32_BIT_CONVERSION = YES;
				GCC_WARN_ABOUT_RETURN_TYPE = YES_ERROR;
				GCC_WARN_UNDECLARED_SELECTOR = YES;
				GCC_WARN_UNINITIALIZED_AUTOS = YES_AGGRESSIVE;
				GCC_WARN_UNUSED_FUNCTION = YES;
				GCC_WARN_UNUSED_VARIABLE = YES;
				IPHONEOS_DEPLOYMENT_TARGET = 12.2;
				MTL_ENABLE_DEBUG_INFO = NO;
				MTL_FAST_MATH = YES;
				SDKROOT = iphoneos;
				SWIFT_COMPILATION_MODE = wholemodule;
				SWIFT_OPTIMIZATION_LEVEL = "-O";
				VALIDATE_PRODUCT = YES;
			};
			name = Release;
		};
		1C151928221FFF9F00226042 /* Debug */ = {
			isa = XCBuildConfiguration;
			buildSettings = {
				ASSETCATALOG_COMPILER_APPICON_NAME = AppIcon;
				CODE_SIGN_STYLE = Automatic;
				DEVELOPMENT_TEAM = 94C49VQS6W;
				FRAMEWORK_SEARCH_PATHS = (
					"$(inherited)",
					"$(PROJECT_DIR)/Resources",
				);
				INFOPLIST_FILE = ColorCatcher/Info.plist;
				LD_RUNPATH_SEARCH_PATHS = (
					"$(inherited)",
					"@executable_path/Frameworks",
				);
				PRODUCT_BUNDLE_IDENTIFIER = EC.ColorCatcher;
				PRODUCT_NAME = "$(TARGET_NAME)";
				SWIFT_VERSION = 4.2;
				TARGETED_DEVICE_FAMILY = "1,2";
			};
			name = Debug;
		};
		1C151929221FFF9F00226042 /* Release */ = {
			isa = XCBuildConfiguration;
			buildSettings = {
				ASSETCATALOG_COMPILER_APPICON_NAME = AppIcon;
				CODE_SIGN_STYLE = Automatic;
				DEVELOPMENT_TEAM = 94C49VQS6W;
				FRAMEWORK_SEARCH_PATHS = (
					"$(inherited)",
					"$(PROJECT_DIR)/Resources",
				);
				INFOPLIST_FILE = ColorCatcher/Info.plist;
				LD_RUNPATH_SEARCH_PATHS = (
					"$(inherited)",
					"@executable_path/Frameworks",
				);
				PRODUCT_BUNDLE_IDENTIFIER = EC.ColorCatcher;
				PRODUCT_NAME = "$(TARGET_NAME)";
				SWIFT_VERSION = 4.2;
				TARGETED_DEVICE_FAMILY = "1,2";
			};
			name = Release;
		};
		1CB484B82368499800BC4F55 /* Debug */ = {
			isa = XCBuildConfiguration;
			buildSettings = {
				BUNDLE_LOADER = "$(TEST_HOST)";
				CODE_SIGN_STYLE = Automatic;
				DEVELOPMENT_TEAM = 94C49VQS6W;
				INFOPLIST_FILE = ColorCatcherTests/Info.plist;
				IPHONEOS_DEPLOYMENT_TARGET = 12.4;
				LD_RUNPATH_SEARCH_PATHS = (
					"$(inherited)",
					"@executable_path/Frameworks",
					"@loader_path/Frameworks",
				);
				PRODUCT_BUNDLE_IDENTIFIER = EC.ColorCatcherTests;
				PRODUCT_NAME = "$(TARGET_NAME)";
				SWIFT_VERSION = 5.0;
				TARGETED_DEVICE_FAMILY = "1,2";
				TEST_HOST = "$(BUILT_PRODUCTS_DIR)/ColorCatcher.app/ColorCatcher";
			};
			name = Debug;
		};
		1CB484B92368499800BC4F55 /* Release */ = {
			isa = XCBuildConfiguration;
			buildSettings = {
				BUNDLE_LOADER = "$(TEST_HOST)";
				CODE_SIGN_STYLE = Automatic;
				DEVELOPMENT_TEAM = 94C49VQS6W;
				INFOPLIST_FILE = ColorCatcherTests/Info.plist;
				IPHONEOS_DEPLOYMENT_TARGET = 12.4;
				LD_RUNPATH_SEARCH_PATHS = (
					"$(inherited)",
					"@executable_path/Frameworks",
					"@loader_path/Frameworks",
				);
				PRODUCT_BUNDLE_IDENTIFIER = EC.ColorCatcherTests;
				PRODUCT_NAME = "$(TARGET_NAME)";
				SWIFT_VERSION = 5.0;
				TARGETED_DEVICE_FAMILY = "1,2";
				TEST_HOST = "$(BUILT_PRODUCTS_DIR)/ColorCatcher.app/ColorCatcher";
			};
			name = Release;
		};
/* End XCBuildConfiguration section */

/* Begin XCConfigurationList section */
		1C151910221FFF9D00226042 /* Build configuration list for PBXProject "ColorCatcher" */ = {
			isa = XCConfigurationList;
			buildConfigurations = (
				1C151925221FFF9F00226042 /* Debug */,
				1C151926221FFF9F00226042 /* Release */,
			);
			defaultConfigurationIsVisible = 0;
			defaultConfigurationName = Release;
		};
		1C151927221FFF9F00226042 /* Build configuration list for PBXNativeTarget "ColorCatcher" */ = {
			isa = XCConfigurationList;
			buildConfigurations = (
				1C151928221FFF9F00226042 /* Debug */,
				1C151929221FFF9F00226042 /* Release */,
			);
			defaultConfigurationIsVisible = 0;
			defaultConfigurationName = Release;
		};
		1CB484BA2368499800BC4F55 /* Build configuration list for PBXNativeTarget "ColorCatcherTests" */ = {
			isa = XCConfigurationList;
			buildConfigurations = (
				1CB484B82368499800BC4F55 /* Debug */,
				1CB484B92368499800BC4F55 /* Release */,
			);
			defaultConfigurationIsVisible = 0;
			defaultConfigurationName = Release;
		};
/* End XCConfigurationList section */
	};
	rootObject = 1C15190D221FFF9D00226042 /* Project object */;
}
